// !$*UTF8*$!
{
	archiveVersion = 1;
	classes = {
	};
	objectVersion = 55;
	objects = {

/* Begin PBXBuildFile section */
		BB407BF5278F8DCD009466F6 /* CitySightsApp.swift in Sources */ = {isa = PBXBuildFile; fileRef = BB407BF4278F8DCD009466F6 /* CitySightsApp.swift */; };
		BB407BF9278F8DCE009466F6 /* Assets.xcassets in Resources */ = {isa = PBXBuildFile; fileRef = BB407BF8278F8DCE009466F6 /* Assets.xcassets */; };
		BB407BFC278F8DCE009466F6 /* Preview Assets.xcassets in Resources */ = {isa = PBXBuildFile; fileRef = BB407BFB278F8DCE009466F6 /* Preview Assets.xcassets */; };
		BB407C0F278F8DF0009466F6 /* HomeView.swift in Sources */ = {isa = PBXBuildFile; fileRef = BB407C04278F8DF0009466F6 /* HomeView.swift */; };
		BB407C10278F8DF0009466F6 /* BusinessList.swift in Sources */ = {isa = PBXBuildFile; fileRef = BB407C06278F8DF0009466F6 /* BusinessList.swift */; };
		BB407C11278F8DF0009466F6 /* BusinessRow.swift in Sources */ = {isa = PBXBuildFile; fileRef = BB407C07278F8DF0009466F6 /* BusinessRow.swift */; };
		BB407C12278F8DF0009466F6 /* BusinessSection.swift in Sources */ = {isa = PBXBuildFile; fileRef = BB407C08278F8DF0009466F6 /* BusinessSection.swift */; };
		BB407C13278F8DF0009466F6 /* BusinessDetail.swift in Sources */ = {isa = PBXBuildFile; fileRef = BB407C0A278F8DF0009466F6 /* BusinessDetail.swift */; };
		BB407C14278F8DF0009466F6 /* BusinessSectionHeader.swift in Sources */ = {isa = PBXBuildFile; fileRef = BB407C0B278F8DF0009466F6 /* BusinessSectionHeader.swift */; };
		BB407C15278F8DF0009466F6 /* LaunchView.swift in Sources */ = {isa = PBXBuildFile; fileRef = BB407C0D278F8DF0009466F6 /* LaunchView.swift */; };
		BB407C18278F8E1E009466F6 /* ContentModel.swift in Sources */ = {isa = PBXBuildFile; fileRef = BB407C17278F8E1E009466F6 /* ContentModel.swift */; };
		BB407C1C278F8E37009466F6 /* BusinessSearch.swift in Sources */ = {isa = PBXBuildFile; fileRef = BB407C1A278F8E37009466F6 /* BusinessSearch.swift */; };
		BB407C1D278F8E37009466F6 /* Business.swift in Sources */ = {isa = PBXBuildFile; fileRef = BB407C1B278F8E37009466F6 /* Business.swift */; };
		BB407C20278F8E44009466F6 /* Constants.swift in Sources */ = {isa = PBXBuildFile; fileRef = BB407C1F278F8E44009466F6 /* Constants.swift */; };
/* End PBXBuildFile section */

/* Begin PBXFileReference section */
		BB407BF1278F8DCD009466F6 /* CitySights.app */ = {isa = PBXFileReference; explicitFileType = wrapper.application; includeInIndex = 0; path = CitySights.app; sourceTree = BUILT_PRODUCTS_DIR; };
		BB407BF4278F8DCD009466F6 /* CitySightsApp.swift */ = {isa = PBXFileReference; lastKnownFileType = sourcecode.swift; path = CitySightsApp.swift; sourceTree = "<group>"; };
		BB407BF8278F8DCE009466F6 /* Assets.xcassets */ = {isa = PBXFileReference; lastKnownFileType = folder.assetcatalog; path = Assets.xcassets; sourceTree = "<group>"; };
		BB407BFB278F8DCE009466F6 /* Preview Assets.xcassets */ = {isa = PBXFileReference; lastKnownFileType = folder.assetcatalog; path = "Preview Assets.xcassets"; sourceTree = "<group>"; };
		BB407C04278F8DF0009466F6 /* HomeView.swift */ = {isa = PBXFileReference; fileEncoding = 4; lastKnownFileType = sourcecode.swift; path = HomeView.swift; sourceTree = "<group>"; };
		BB407C06278F8DF0009466F6 /* BusinessList.swift */ = {isa = PBXFileReference; fileEncoding = 4; lastKnownFileType = sourcecode.swift; path = BusinessList.swift; sourceTree = "<group>"; };
		BB407C07278F8DF0009466F6 /* BusinessRow.swift */ = {isa = PBXFileReference; fileEncoding = 4; lastKnownFileType = sourcecode.swift; path = BusinessRow.swift; sourceTree = "<group>"; };
		BB407C08278F8DF0009466F6 /* BusinessSection.swift */ = {isa = PBXFileReference; fileEncoding = 4; lastKnownFileType = sourcecode.swift; path = BusinessSection.swift; sourceTree = "<group>"; };
		BB407C0A278F8DF0009466F6 /* BusinessDetail.swift */ = {isa = PBXFileReference; fileEncoding = 4; lastKnownFileType = sourcecode.swift; path = BusinessDetail.swift; sourceTree = "<group>"; };
		BB407C0B278F8DF0009466F6 /* BusinessSectionHeader.swift */ = {isa = PBXFileReference; fileEncoding = 4; lastKnownFileType = sourcecode.swift; path = BusinessSectionHeader.swift; sourceTree = "<group>"; };
		BB407C0D278F8DF0009466F6 /* LaunchView.swift */ = {isa = PBXFileReference; fileEncoding = 4; lastKnownFileType = sourcecode.swift; path = LaunchView.swift; sourceTree = "<group>"; };
		BB407C17278F8E1E009466F6 /* ContentModel.swift */ = {isa = PBXFileReference; fileEncoding = 4; lastKnownFileType = sourcecode.swift; path = ContentModel.swift; sourceTree = "<group>"; };
		BB407C1A278F8E37009466F6 /* BusinessSearch.swift */ = {isa = PBXFileReference; fileEncoding = 4; lastKnownFileType = sourcecode.swift; path = BusinessSearch.swift; sourceTree = "<group>"; };
		BB407C1B278F8E37009466F6 /* Business.swift */ = {isa = PBXFileReference; fileEncoding = 4; lastKnownFileType = sourcecode.swift; path = Business.swift; sourceTree = "<group>"; };
		BB407C1F278F8E44009466F6 /* Constants.swift */ = {isa = PBXFileReference; fileEncoding = 4; lastKnownFileType = sourcecode.swift; path = Constants.swift; sourceTree = "<group>"; };
/* End PBXFileReference section */

/* Begin PBXFrameworksBuildPhase section */
		BB407BEE278F8DCD009466F6 /* Frameworks */ = {
			isa = PBXFrameworksBuildPhase;
			buildActionMask = 2147483647;
			files = (
			);
			runOnlyForDeploymentPostprocessing = 0;
		};
/* End PBXFrameworksBuildPhase section */

/* Begin PBXGroup section */
		BB407BE8278F8DCD009466F6 = {
			isa = PBXGroup;
			children = (
				BB407BF3278F8DCD009466F6 /* CitySights */,
				BB407BF2278F8DCD009466F6 /* Products */,
			);
			sourceTree = "<group>";
		};
		BB407BF2278F8DCD009466F6 /* Products */ = {
			isa = PBXGroup;
			children = (
				BB407BF1278F8DCD009466F6 /* CitySights.app */,
			);
			name = Products;
			sourceTree = "<group>";
		};
		BB407BF3278F8DCD009466F6 /* CitySights */ = {
			isa = PBXGroup;
			children = (
				BB407BF4278F8DCD009466F6 /* CitySightsApp.swift */,
				BB407C02278F8DF0009466F6 /* Views */,
				BB407C16278F8E1E009466F6 /* ViewModels */,
				BB407C19278F8E37009466F6 /* Models */,
				BB407C1E278F8E44009466F6 /* Helpers */,
				BB407BF8278F8DCE009466F6 /* Assets.xcassets */,
				BB407BFA278F8DCE009466F6 /* Preview Content */,
			);
			path = CitySights;
			sourceTree = "<group>";
		};
		BB407BFA278F8DCE009466F6 /* Preview Content */ = {
			isa = PBXGroup;
			children = (
				BB407BFB278F8DCE009466F6 /* Preview Assets.xcassets */,
			);
			path = "Preview Content";
			sourceTree = "<group>";
		};
		BB407C02278F8DF0009466F6 /* Views */ = {
			isa = PBXGroup;
			children = (
				BB407C03278F8DF0009466F6 /* Home */,
				BB407C0C278F8DF0009466F6 /* Denied */,
				BB407C0D278F8DF0009466F6 /* LaunchView.swift */,
				BB407C0E278F8DF0009466F6 /* Onboarding */,
			);
			path = Views;
			sourceTree = "<group>";
		};
		BB407C03278F8DF0009466F6 /* Home */ = {
			isa = PBXGroup;
			children = (
				BB407C04278F8DF0009466F6 /* HomeView.swift */,
				BB407C05278F8DF0009466F6 /* List */,
			);
			path = Home;
			sourceTree = "<group>";
		};
		BB407C05278F8DF0009466F6 /* List */ = {
			isa = PBXGroup;
			children = (
				BB407C06278F8DF0009466F6 /* BusinessList.swift */,
				BB407C07278F8DF0009466F6 /* BusinessRow.swift */,
				BB407C08278F8DF0009466F6 /* BusinessSection.swift */,
				BB407C0B278F8DF0009466F6 /* BusinessSectionHeader.swift */,
				BB407C09278F8DF0009466F6 /* Detail */,
			);
			path = List;
			sourceTree = "<group>";
		};
		BB407C09278F8DF0009466F6 /* Detail */ = {
			isa = PBXGroup;
			children = (
				BB407C0A278F8DF0009466F6 /* BusinessDetail.swift */,
			);
			path = Detail;
			sourceTree = "<group>";
		};
		BB407C0C278F8DF0009466F6 /* Denied */ = {
			isa = PBXGroup;
			children = (
			);
			path = Denied;
			sourceTree = "<group>";
		};
		BB407C0E278F8DF0009466F6 /* Onboarding */ = {
			isa = PBXGroup;
			children = (
			);
			path = Onboarding;
			sourceTree = "<group>";
		};
		BB407C16278F8E1E009466F6 /* ViewModels */ = {
			isa = PBXGroup;
			children = (
				BB407C17278F8E1E009466F6 /* ContentModel.swift */,
			);
			path = ViewModels;
			sourceTree = "<group>";
		};
		BB407C19278F8E37009466F6 /* Models */ = {
			isa = PBXGroup;
			children = (
				BB407C1A278F8E37009466F6 /* BusinessSearch.swift */,
				BB407C1B278F8E37009466F6 /* Business.swift */,
			);
			path = Models;
			sourceTree = "<group>";
		};
		BB407C1E278F8E44009466F6 /* Helpers */ = {
			isa = PBXGroup;
			children = (
				BB407C1F278F8E44009466F6 /* Constants.swift */,
			);
			path = Helpers;
			sourceTree = "<group>";
		};
/* End PBXGroup section */

/* Begin PBXNativeTarget section */
		BB407BF0278F8DCD009466F6 /* CitySights */ = {
			isa = PBXNativeTarget;
			buildConfigurationList = BB407BFF278F8DCE009466F6 /* Build configuration list for PBXNativeTarget "CitySights" */;
			buildPhases = (
				BB407BED278F8DCD009466F6 /* Sources */,
				BB407BEE278F8DCD009466F6 /* Frameworks */,
				BB407BEF278F8DCD009466F6 /* Resources */,
			);
			buildRules = (
			);
			dependencies = (
			);
			name = CitySights;
			productName = CitySights;
			productReference = BB407BF1278F8DCD009466F6 /* CitySights.app */;
			productType = "com.apple.product-type.application";
		};
/* End PBXNativeTarget section */

/* Begin PBXProject section */
		BB407BE9278F8DCD009466F6 /* Project object */ = {
			isa = PBXProject;
			attributes = {
				BuildIndependentTargetsInParallel = 1;
				LastSwiftUpdateCheck = 1320;
				LastUpgradeCheck = 1320;
				TargetAttributes = {
					BB407BF0278F8DCD009466F6 = {
						CreatedOnToolsVersion = 13.2.1;
					};
				};
			};
			buildConfigurationList = BB407BEC278F8DCD009466F6 /* Build configuration list for PBXProject "CitySights" */;
			compatibilityVersion = "Xcode 13.0";
			developmentRegion = en;
			hasScannedForEncodings = 0;
			knownRegions = (
				en,
				Base,
			);
			mainGroup = BB407BE8278F8DCD009466F6;
			productRefGroup = BB407BF2278F8DCD009466F6 /* Products */;
			projectDirPath = "";
			projectRoot = "";
			targets = (
				BB407BF0278F8DCD009466F6 /* CitySights */,
			);
		};
/* End PBXProject section */

/* Begin PBXResourcesBuildPhase section */
		BB407BEF278F8DCD009466F6 /* Resources */ = {
			isa = PBXResourcesBuildPhase;
			buildActionMask = 2147483647;
			files = (
				BB407BFC278F8DCE009466F6 /* Preview Assets.xcassets in Resources */,
				BB407BF9278F8DCE009466F6 /* Assets.xcassets in Resources */,
			);
			runOnlyForDeploymentPostprocessing = 0;
		};
/* End PBXResourcesBuildPhase section */

/* Begin PBXSourcesBuildPhase section */
		BB407BED278F8DCD009466F6 /* Sources */ = {
			isa = PBXSourcesBuildPhase;
			buildActionMask = 2147483647;
			files = (
				BB407C14278F8DF0009466F6 /* BusinessSectionHeader.swift in Sources */,
				BB407C0F278F8DF0009466F6 /* HomeView.swift in Sources */,
				BB407C12278F8DF0009466F6 /* BusinessSection.swift in Sources */,
				BB407C1C278F8E37009466F6 /* BusinessSearch.swift in Sources */,
				BB407C11278F8DF0009466F6 /* BusinessRow.swift in Sources */,
				BB407C10278F8DF0009466F6 /* BusinessList.swift in Sources */,
				BB407C13278F8DF0009466F6 /* BusinessDetail.swift in Sources */,
				BB407C15278F8DF0009466F6 /* LaunchView.swift in Sources */,
				BB407C1D278F8E37009466F6 /* Business.swift in Sources */,
				BB407BF5278F8DCD009466F6 /* CitySightsApp.swift in Sources */,
				BB407C18278F8E1E009466F6 /* ContentModel.swift in Sources */,
				BB407C20278F8E44009466F6 /* Constants.swift in Sources */,
			);
			runOnlyForDeploymentPostprocessing = 0;
		};
/* End PBXSourcesBuildPhase section */

/* Begin XCBuildConfiguration section */
		BB407BFD278F8DCE009466F6 /* Debug */ = {
			isa = XCBuildConfiguration;
			buildSettings = {
				ALWAYS_SEARCH_USER_PATHS = NO;
				CLANG_ANALYZER_NONNULL = YES;
				CLANG_ANALYZER_NUMBER_OBJECT_CONVERSION = YES_AGGRESSIVE;
				CLANG_CXX_LANGUAGE_STANDARD = "gnu++17";
				CLANG_CXX_LIBRARY = "libc++";
				CLANG_ENABLE_MODULES = YES;
				CLANG_ENABLE_OBJC_ARC = YES;
				CLANG_ENABLE_OBJC_WEAK = YES;
				CLANG_WARN_BLOCK_CAPTURE_AUTORELEASING = YES;
				CLANG_WARN_BOOL_CONVERSION = YES;
				CLANG_WARN_COMMA = YES;
				CLANG_WARN_CONSTANT_CONVERSION = YES;
				CLANG_WARN_DEPRECATED_OBJC_IMPLEMENTATIONS = YES;
				CLANG_WARN_DIRECT_OBJC_ISA_USAGE = YES_ERROR;
				CLANG_WARN_DOCUMENTATION_COMMENTS = YES;
				CLANG_WARN_EMPTY_BODY = YES;
				CLANG_WARN_ENUM_CONVERSION = YES;
				CLANG_WARN_INFINITE_RECURSION = YES;
				CLANG_WARN_INT_CONVERSION = YES;
				CLANG_WARN_NON_LITERAL_NULL_CONVERSION = YES;
				CLANG_WARN_OBJC_IMPLICIT_RETAIN_SELF = YES;
				CLANG_WARN_OBJC_LITERAL_CONVERSION = YES;
				CLANG_WARN_OBJC_ROOT_CLASS = YES_ERROR;
				CLANG_WARN_QUOTED_INCLUDE_IN_FRAMEWORK_HEADER = YES;
				CLANG_WARN_RANGE_LOOP_ANALYSIS = YES;
				CLANG_WARN_STRICT_PROTOTYPES = YES;
				CLANG_WARN_SUSPICIOUS_MOVE = YES;
				CLANG_WARN_UNGUARDED_AVAILABILITY = YES_AGGRESSIVE;
				CLANG_WARN_UNREACHABLE_CODE = YES;
				CLANG_WARN__DUPLICATE_METHOD_MATCH = YES;
				COPY_PHASE_STRIP = NO;
				DEBUG_INFORMATION_FORMAT = dwarf;
				ENABLE_STRICT_OBJC_MSGSEND = YES;
				ENABLE_TESTABILITY = YES;
				GCC_C_LANGUAGE_STANDARD = gnu11;
				GCC_DYNAMIC_NO_PIC = NO;
				GCC_NO_COMMON_BLOCKS = YES;
				GCC_OPTIMIZATION_LEVEL = 0;
				GCC_PREPROCESSOR_DEFINITIONS = (
					"DEBUG=1",
					"$(inherited)",
				);
				GCC_WARN_64_TO_32_BIT_CONVERSION = YES;
				GCC_WARN_ABOUT_RETURN_TYPE = YES_ERROR;
				GCC_WARN_UNDECLARED_SELECTOR = YES;
				GCC_WARN_UNINITIALIZED_AUTOS = YES_AGGRESSIVE;
				GCC_WARN_UNUSED_FUNCTION = YES;
				GCC_WARN_UNUSED_VARIABLE = YES;
				IPHONEOS_DEPLOYMENT_TARGET = 15.2;
				MTL_ENABLE_DEBUG_INFO = INCLUDE_SOURCE;
				MTL_FAST_MATH = YES;
				ONLY_ACTIVE_ARCH = YES;
				SDKROOT = iphoneos;
				SWIFT_ACTIVE_COMPILATION_CONDITIONS = DEBUG;
				SWIFT_OPTIMIZATION_LEVEL = "-Onone";
			};
			name = Debug;
		};
		BB407BFE278F8DCE009466F6 /* Release */ = {
			isa = XCBuildConfiguration;
			buildSettings = {
				ALWAYS_SEARCH_USER_PATHS = NO;
				CLANG_ANALYZER_NONNULL = YES;
				CLANG_ANALYZER_NUMBER_OBJECT_CONVERSION = YES_AGGRESSIVE;
				CLANG_CXX_LANGUAGE_STANDARD = "gnu++17";
				CLANG_CXX_LIBRARY = "libc++";
				CLANG_ENABLE_MODULES = YES;
				CLANG_ENABLE_OBJC_ARC = YES;
				CLANG_ENABLE_OBJC_WEAK = YES;
				CLANG_WARN_BLOCK_CAPTURE_AUTORELEASING = YES;
				CLANG_WARN_BOOL_CONVERSION = YES;
				CLANG_WARN_COMMA = YES;
				CLANG_WARN_CONSTANT_CONVERSION = YES;
				CLANG_WARN_DEPRECATED_OBJC_IMPLEMENTATIONS = YES;
				CLANG_WARN_DIRECT_OBJC_ISA_USAGE = YES_ERROR;
				CLANG_WARN_DOCUMENTATION_COMMENTS = YES;
				CLANG_WARN_EMPTY_BODY = YES;
				CLANG_WARN_ENUM_CONVERSION = YES;
				CLANG_WARN_INFINITE_RECURSION = YES;
				CLANG_WARN_INT_CONVERSION = YES;
				CLANG_WARN_NON_LITERAL_NULL_CONVERSION = YES;
				CLANG_WARN_OBJC_IMPLICIT_RETAIN_SELF = YES;
				CLANG_WARN_OBJC_LITERAL_CONVERSION = YES;
				CLANG_WARN_OBJC_ROOT_CLASS = YES_ERROR;
				CLANG_WARN_QUOTED_INCLUDE_IN_FRAMEWORK_HEADER = YES;
				CLANG_WARN_RANGE_LOOP_ANALYSIS = YES;
				CLANG_WARN_STRICT_PROTOTYPES = YES;
				CLANG_WARN_SUSPICIOUS_MOVE = YES;
				CLANG_WARN_UNGUARDED_AVAILABILITY = YES_AGGRESSIVE;
				CLANG_WARN_UNREACHABLE_CODE = YES;
				CLANG_WARN__DUPLICATE_METHOD_MATCH = YES;
				COPY_PHASE_STRIP = NO;
				DEBUG_INFORMATION_FORMAT = "dwarf-with-dsym";
				ENABLE_NS_ASSERTIONS = NO;
				ENABLE_STRICT_OBJC_MSGSEND = YES;
				GCC_C_LANGUAGE_STANDARD = gnu11;
				GCC_NO_COMMON_BLOCKS = YES;
				GCC_WARN_64_TO_32_BIT_CONVERSION = YES;
				GCC_WARN_ABOUT_RETURN_TYPE = YES_ERROR;
				GCC_WARN_UNDECLARED_SELECTOR = YES;
				GCC_WARN_UNINITIALIZED_AUTOS = YES_AGGRESSIVE;
				GCC_WARN_UNUSED_FUNCTION = YES;
				GCC_WARN_UNUSED_VARIABLE = YES;
				IPHONEOS_DEPLOYMENT_TARGET = 15.2;
				MTL_ENABLE_DEBUG_INFO = NO;
				MTL_FAST_MATH = YES;
				SDKROOT = iphoneos;
				SWIFT_COMPILATION_MODE = wholemodule;
				SWIFT_OPTIMIZATION_LEVEL = "-O";
				VALIDATE_PRODUCT = YES;
			};
			name = Release;
		};
		BB407C00278F8DCE009466F6 /* Debug */ = {
			isa = XCBuildConfiguration;
			buildSettings = {
				ASSETCATALOG_COMPILER_APPICON_NAME = AppIcon;
				ASSETCATALOG_COMPILER_GLOBAL_ACCENT_COLOR_NAME = AccentColor;
				CODE_SIGN_STYLE = Automatic;
				CURRENT_PROJECT_VERSION = 1;
				DEVELOPMENT_ASSET_PATHS = "\"CitySights/Preview Content\"";
				DEVELOPMENT_TEAM = DQ287W5U99;
				ENABLE_PREVIEWS = YES;
				GENERATE_INFOPLIST_FILE = YES;
				INFOPLIST_KEY_NSLocationWhenInUseUsageDescription = "Grant permission to find restaurants and sights near you.";
				INFOPLIST_KEY_UIApplicationSceneManifest_Generation = YES;
				INFOPLIST_KEY_UIApplicationSupportsIndirectInputEvents = YES;
				INFOPLIST_KEY_UILaunchScreen_Generation = YES;
				INFOPLIST_KEY_UISupportedInterfaceOrientations_iPad = "UIInterfaceOrientationPortrait UIInterfaceOrientationPortraitUpsideDown UIInterfaceOrientationLandscapeLeft UIInterfaceOrientationLandscapeRight";
				INFOPLIST_KEY_UISupportedInterfaceOrientations_iPhone = "UIInterfaceOrientationPortrait UIInterfaceOrientationLandscapeLeft UIInterfaceOrientationLandscapeRight";
				LD_RUNPATH_SEARCH_PATHS = (
					"$(inherited)",
					"@executable_path/Frameworks",
				);
				MARKETING_VERSION = 1.0;
				PRODUCT_BUNDLE_IDENTIFIER = com.macdonald.CitySights;
				PRODUCT_NAME = "$(TARGET_NAME)";
				SWIFT_EMIT_LOC_STRINGS = YES;
				SWIFT_VERSION = 5.0;
				TARGETED_DEVICE_FAMILY = "1,2";
			};
			name = Debug;
		};
		BB407C01278F8DCE009466F6 /* Release */ = {
			isa = XCBuildConfiguration;
			buildSettings = {
				ASSETCATALOG_COMPILER_APPICON_NAME = AppIcon;
				ASSETCATALOG_COMPILER_GLOBAL_ACCENT_COLOR_NAME = AccentColor;
				CODE_SIGN_STYLE = Automatic;
				CURRENT_PROJECT_VERSION = 1;
				DEVELOPMENT_ASSET_PATHS = "\"CitySights/Preview Content\"";
				DEVELOPMENT_TEAM = DQ287W5U99;
				ENABLE_PREVIEWS = YES;
				GENERATE_INFOPLIST_FILE = YES;
				INFOPLIST_KEY_NSLocationWhenInUseUsageDescription = "Grant permission to find restaurants and sights near you.";
				INFOPLIST_KEY_UIApplicationSceneManifest_Generation = YES;
				INFOPLIST_KEY_UIApplicationSupportsIndirectInputEvents = YES;
				INFOPLIST_KEY_UILaunchScreen_Generation = YES;
				INFOPLIST_KEY_UISupportedInterfaceOrientations_iPad = "UIInterfaceOrientationPortrait UIInterfaceOrientationPortraitUpsideDown UIInterfaceOrientationLandscapeLeft UIInterfaceOrientationLandscapeRight";
				INFOPLIST_KEY_UISupportedInterfaceOrientations_iPhone = "UIInterfaceOrientationPortrait UIInterfaceOrientationLandscapeLeft UIInterfaceOrientationLandscapeRight";
				LD_RUNPATH_SEARCH_PATHS = (
					"$(inherited)",
					"@executable_path/Frameworks",
				);
				MARKETING_VERSION = 1.0;
				PRODUCT_BUNDLE_IDENTIFIER = com.macdonald.CitySights;
				PRODUCT_NAME = "$(TARGET_NAME)";
				SWIFT_EMIT_LOC_STRINGS = YES;
				SWIFT_VERSION = 5.0;
				TARGETED_DEVICE_FAMILY = "1,2";
			};
			name = Release;
		};
/* End XCBuildConfiguration section */

/* Begin XCConfigurationList section */
		BB407BEC278F8DCD009466F6 /* Build configuration list for PBXProject "CitySights" */ = {
			isa = XCConfigurationList;
			buildConfigurations = (
				BB407BFD278F8DCE009466F6 /* Debug */,
				BB407BFE278F8DCE009466F6 /* Release */,
			);
			defaultConfigurationIsVisible = 0;
			defaultConfigurationName = Release;
		};
		BB407BFF278F8DCE009466F6 /* Build configuration list for PBXNativeTarget "CitySights" */ = {
			isa = XCConfigurationList;
			buildConfigurations = (
				BB407C00278F8DCE009466F6 /* Debug */,
				BB407C01278F8DCE009466F6 /* Release */,
			);
			defaultConfigurationIsVisible = 0;
			defaultConfigurationName = Release;
		};
/* End XCConfigurationList section */
	};
	rootObject = BB407BE9278F8DCD009466F6 /* Project object */;
}
